
Microsoft Visual Studio Solution File, Format Version 12.00
# Visual Studio Version 16
VisualStudioVersion = 16.0.30011.22
MinimumVisualStudioVersion = 10.0.40219.1
Project("{9A19103F-16F7-4668-BE54-9A1E7A4F7556}") = "FileCleanup", "FileCleanup\FileCleanup.csproj", "{C08CA37D-53BD-4447-A1A8-556C7B1A7083}"
EndProject
Project("{FAE04EC0-301F-11D3-BF4B-00C04F79EFBC}") = "FileCleanupDataLib", "FileCleanupDataLib\FileCleanupDataLib.csproj", "{2A267708-A757-42CD-94CC-585299676C87}"
EndProject
Global
	GlobalSection(SolutionConfigurationPlatforms) = preSolution
		Debug|Any CPU = Debug|Any CPU
		Release|Any CPU = Release|Any CPU
	EndGlobalSection
	GlobalSection(ProjectConfigurationPlatforms) = postSolution
		{C08CA37D-53BD-4447-A1A8-556C7B1A7083}.Debug|Any CPU.ActiveCfg = Debug|Any CPU
		{C08CA37D-53BD-4447-A1A8-556C7B1A7083}.Debug|Any CPU.Build.0 = Debug|Any CPU
		{C08CA37D-53BD-4447-A1A8-556C7B1A7083}.Release|Any CPU.ActiveCfg = Release|Any CPU
		{C08CA37D-53BD-4447-A1A8-556C7B1A7083}.Release|Any CPU.Build.0 = Release|Any CPU
		{2A267708-A757-42CD-94CC-585299676C87}.Debug|Any CPU.ActiveCfg = Debug|Any CPU
		{2A267708-A757-42CD-94CC-585299676C87}.Debug|Any CPU.Build.0 = Debug|Any CPU
		{2A267708-A757-42CD-94CC-585299676C87}.Release|Any CPU.ActiveCfg = Release|Any CPU
		{2A267708-A757-42CD-94CC-585299676C87}.Release|Any CPU.Build.0 = Release|Any CPU
	EndGlobalSection
	GlobalSection(SolutionProperties) = preSolution
		HideSolutionNode = FALSE
	EndGlobalSection
	GlobalSection(ExtensibilityGlobals) = postSolution
		SolutionGuid = {7BACEF76-0A66-4C4A-9C70-3B0FFC0DF5D3}
	EndGlobalSection
EndGlobal
