
Microsoft Visual Studio Solution File, Format Version 12.00
# Visual Studio Version 16
VisualStudioVersion = 16.0.30011.22
MinimumVisualStudioVersion = 10.0.40219.1
Project("{9A19103F-16F7-4668-BE54-9A1E7A4F7556}") = "FileCleanup", "FileCleanup\FileCleanup.csproj", "{C08CA37D-53BD-4447-A1A8-556C7B1A7083}"
EndProject
Project("{9A19103F-16F7-4668-BE54-9A1E7A4F7556}") = "WT.FileScanner.Shared", "WT.FileScanner.Shared\WT.FileScanner.Shared.csproj", "{989D690F-6CF0-4D37-8671-F430B30F38EB}"
EndProject
Project("{FAE04EC0-301F-11D3-BF4B-00C04F79EFBC}") = "WT.FileScanner.UI.Shared", "WT.FileScanner.UI.Shared\WT.FileScanner.UI.Shared.csproj", "{1150E7A5-A4D4-47C5-8962-59121E4B397F}"
EndProject
Project("{FAE04EC0-301F-11D3-BF4B-00C04F79EFBC}") = "WT.FileScanner.WPF", "WT.FileScanner.WPF\WT.FileScanner.WPF.csproj", "{81F5733D-4988-439E-A527-02A455F3CAA7}"
EndProject
Global
	GlobalSection(SolutionConfigurationPlatforms) = preSolution
		Debug|Any CPU = Debug|Any CPU
		Release|Any CPU = Release|Any CPU
	EndGlobalSection
	GlobalSection(ProjectConfigurationPlatforms) = postSolution
		{C08CA37D-53BD-4447-A1A8-556C7B1A7083}.Debug|Any CPU.ActiveCfg = Debug|Any CPU
		{C08CA37D-53BD-4447-A1A8-556C7B1A7083}.Debug|Any CPU.Build.0 = Debug|Any CPU
		{C08CA37D-53BD-4447-A1A8-556C7B1A7083}.Release|Any CPU.ActiveCfg = Release|Any CPU
		{C08CA37D-53BD-4447-A1A8-556C7B1A7083}.Release|Any CPU.Build.0 = Release|Any CPU
		{989D690F-6CF0-4D37-8671-F430B30F38EB}.Debug|Any CPU.ActiveCfg = Debug|Any CPU
		{989D690F-6CF0-4D37-8671-F430B30F38EB}.Debug|Any CPU.Build.0 = Debug|Any CPU
		{989D690F-6CF0-4D37-8671-F430B30F38EB}.Release|Any CPU.ActiveCfg = Release|Any CPU
		{989D690F-6CF0-4D37-8671-F430B30F38EB}.Release|Any CPU.Build.0 = Release|Any CPU
		{1150E7A5-A4D4-47C5-8962-59121E4B397F}.Debug|Any CPU.ActiveCfg = Debug|Any CPU
		{1150E7A5-A4D4-47C5-8962-59121E4B397F}.Debug|Any CPU.Build.0 = Debug|Any CPU
		{1150E7A5-A4D4-47C5-8962-59121E4B397F}.Release|Any CPU.ActiveCfg = Release|Any CPU
		{1150E7A5-A4D4-47C5-8962-59121E4B397F}.Release|Any CPU.Build.0 = Release|Any CPU
		{81F5733D-4988-439E-A527-02A455F3CAA7}.Debug|Any CPU.ActiveCfg = Debug|Any CPU
		{81F5733D-4988-439E-A527-02A455F3CAA7}.Debug|Any CPU.Build.0 = Debug|Any CPU
		{81F5733D-4988-439E-A527-02A455F3CAA7}.Release|Any CPU.ActiveCfg = Release|Any CPU
		{81F5733D-4988-439E-A527-02A455F3CAA7}.Release|Any CPU.Build.0 = Release|Any CPU
	EndGlobalSection
	GlobalSection(SolutionProperties) = preSolution
		HideSolutionNode = FALSE
	EndGlobalSection
	GlobalSection(ExtensibilityGlobals) = postSolution
		SolutionGuid = {7BACEF76-0A66-4C4A-9C70-3B0FFC0DF5D3}
	EndGlobalSection
EndGlobal
